{
  "name": "raect_native_jimi",
  "version": "0.0.1",
  "lockfileVersion": 1,
  "requires": true,
  "dependencies": {
    "react-native-baidu-map-jm": {
      "version": "1.2.0",
      "resolved": "https://registry.npm.taobao.org/react-native-baidu-map-jm/download/react-native-baidu-map-jm-1.2.0.tgz",
      "integrity": "sha1-UgP4nUVe2q/KN8KgJII1Wzr40VU="
    },
    "react-native-maps": {
      "version": "0.24.0",
      "resolved": "https://registry.npm.taobao.org/react-native-maps/download/react-native-maps-0.24.0.tgz?cache=0&sync_timestamp=1562867134168&other_urls=https%3A%2F%2Fregistry.npm.taobao.org%2Freact-native-maps%2Fdownload%2Freact-native-maps-0.24.0.tgz",
      "integrity": "sha1-ZieULpNXdoyW3dIr9m1+iAhNGbA="
    },
    "react-native-shadow": {
      "version": "1.2.2",
      "resolved": "http://registry.npm.taobao.org/react-native-shadow/download/react-native-shadow-1.2.2.tgz",
      "integrity": "sha1-CJkc0Utx4y8vxjY5EcE50jGUmmY="
    },
    "react-native-svg": {
      "version": "9.3.7",
      "resolved": "https://registry.npm.taobao.org/react-native-svg/download/react-native-svg-9.3.7.tgz",
      "integrity": "sha1-APcvYQUXfpO/DLVr0NEznbm2ZJ8="
    }
  }
}
