{
  "name": "raect_native_jimi",
  "version": "0.0.1",
  "lockfileVersion": 1,
  "requires": true,
  "dependencies": {
    "asap": {
      "version": "2.0.6",
      "resolved": "http://registry.npm.taobao.org/asap/download/asap-2.0.6.tgz",
      "integrity": "sha1-5QNHYR1+aQlDIIu9r+vLwvuGbUY="
    },
    "core-js": {
      "version": "1.2.7",
      "resolved": "https://registry.npm.taobao.org/core-js/download/core-js-1.2.7.tgz?cache=0&sync_timestamp=1565612695976&other_urls=https%3A%2F%2Fregistry.npm.taobao.org%2Fcore-js%2Fdownload%2Fcore-js-1.2.7.tgz",
      "integrity": "sha1-ZSKUwUZR2yj6k70tX/KYOk8IxjY="
    },
    "create-react-class": {
      "version": "15.6.0",
      "resolved": "http://registry.npm.taobao.org/create-react-class/download/create-react-class-15.6.0.tgz",
      "integrity": "sha1-q0SEl8JlZuHilBPogyB9V8/nvtQ=",
      "requires": {
        "fbjs": "0.8.17",
        "loose-envify": "1.4.0",
        "object-assign": "4.1.1"
      }
    },
    "encoding": {
      "version": "0.1.12",
      "resolved": "http://registry.npm.taobao.org/encoding/download/encoding-0.1.12.tgz",
      "integrity": "sha1-U4tm8+5izRq1HsMjgp0flIDHS+s=",
      "requires": {
        "iconv-lite": "0.4.24"
      }
    },
    "fbjs": {
      "version": "0.8.17",
      "resolved": "http://registry.npm.taobao.org/fbjs/download/fbjs-0.8.17.tgz",
      "integrity": "sha1-xNWY6taUkRJlPWWIsBpc3Nn5D90=",
      "requires": {
        "core-js": "1.2.7",
        "isomorphic-fetch": "2.2.1",
        "loose-envify": "1.4.0",
        "object-assign": "4.1.1",
        "promise": "7.3.1",
        "setimmediate": "1.0.5",
        "ua-parser-js": "0.7.20"
      }
    },
    "iconv-lite": {
      "version": "0.4.24",
      "resolved": "https://registry.npm.taobao.org/iconv-lite/download/iconv-lite-0.4.24.tgz",
      "integrity": "sha1-ICK0sl+93CHS9SSXSkdKr+czkIs=",
      "requires": {
        "safer-buffer": "2.1.2"
      }
    },
    "immutable": {
      "version": "3.7.6",
      "resolved": "https://registry.npm.taobao.org/immutable/download/immutable-3.7.6.tgz",
      "integrity": "sha1-E7TTyxK++hVIKib+Gy665kAHHks="
    },
    "is-stream": {
      "version": "1.1.0",
      "resolved": "https://registry.npm.taobao.org/is-stream/download/is-stream-1.1.0.tgz",
      "integrity": "sha1-EtSj3U5o4Lec6428hBc66A2RykQ="
    },
    "isomorphic-fetch": {
      "version": "2.2.1",
      "resolved": "http://registry.npm.taobao.org/isomorphic-fetch/download/isomorphic-fetch-2.2.1.tgz",
      "integrity": "sha1-YRrhrPFPXoH3KVB0coGf6XM1WKk=",
      "requires": {
        "node-fetch": "1.7.3",
        "whatwg-fetch": "3.0.0"
      }
    },
    "js-tokens": {
      "version": "4.0.0",
      "resolved": "https://registry.npm.taobao.org/js-tokens/download/js-tokens-4.0.0.tgz",
      "integrity": "sha1-GSA/tZmR35jjoocFDUZHzerzJJk="
    },
    "loose-envify": {
      "version": "1.4.0",
      "resolved": "http://registry.npm.taobao.org/loose-envify/download/loose-envify-1.4.0.tgz",
      "integrity": "sha1-ce5R+nvkyuwaY4OffmgtgTLTDK8=",
      "requires": {
        "js-tokens": "4.0.0"
      }
    },
    "node-fetch": {
      "version": "1.7.3",
      "resolved": "https://registry.npm.taobao.org/node-fetch/download/node-fetch-1.7.3.tgz",
      "integrity": "sha1-mA9vcthSEaU0fGsrwYxbhMPrR+8=",
      "requires": {
        "encoding": "0.1.12",
        "is-stream": "1.1.0"
      }
    },
    "object-assign": {
      "version": "4.1.1",
      "resolved": "http://registry.npm.taobao.org/object-assign/download/object-assign-4.1.1.tgz",
      "integrity": "sha1-IQmtx5ZYh8/AXLvUQsrIv7s2CGM="
    },
    "promise": {
      "version": "7.3.1",
      "resolved": "https://registry.npm.taobao.org/promise/download/promise-7.3.1.tgz",
      "integrity": "sha1-BktyYCsY+Q8pGSuLG8QY/9Hr078=",
      "requires": {
        "asap": "2.0.6"
      }
    },
    "react-is": {
      "version": "16.9.0",
      "resolved": "https://registry.npm.taobao.org/react-is/download/react-is-16.9.0.tgz",
      "integrity": "sha1-IcqVYTmarQ/xp3AcAWg+jKmB7cs="
    },
    "react-native-baidu-map-jm": {
      "version": "1.1.2",
      "resolved": "https://registry.npm.taobao.org/react-native-baidu-map-jm/download/react-native-baidu-map-jm-1.1.2.tgz",
      "integrity": "sha1-uY2o1uhyuLr/ENFHrxnC+aWS6E4="
    },
    "react-native-deprecated-custom-components": {
      "version": "github:rilyu/react-native-custom-components#27074674fdfd223c4d350fc9ba4bec0ed724767e",
      "requires": {
        "create-react-class": "15.6.0",
        "fbjs": "0.8.17",
        "immutable": "3.7.6",
        "prop-types": "15.7.2",
        "react-timer-mixin": "0.13.4",
        "rebound": "0.0.13"
      },
      "dependencies": {
        "prop-types": {
          "version": "15.7.2",
          "resolved": "http://registry.npm.taobao.org/prop-types/download/prop-types-15.7.2.tgz",
          "integrity": "sha1-UsQedbjIfnK52TYOAga5ncv/psU=",
          "requires": {
            "loose-envify": "1.4.0",
            "object-assign": "4.1.1",
            "react-is": "16.9.0"
          }
        }
      }
    },
    "react-native-maps": {
      "version": "0.24.0",
      "resolved": "https://registry.npm.taobao.org/react-native-maps/download/react-native-maps-0.24.0.tgz?cache=0&sync_timestamp=1562867134168&other_urls=https%3A%2F%2Fregistry.npm.taobao.org%2Freact-native-maps%2Fdownload%2Freact-native-maps-0.24.0.tgz",
      "integrity": "sha1-ZieULpNXdoyW3dIr9m1+iAhNGbA="
    },
    "react-timer-mixin": {
      "version": "0.13.4",
      "resolved": "http://registry.npm.taobao.org/react-timer-mixin/download/react-timer-mixin-0.13.4.tgz",
      "integrity": "sha1-daAMPJTBOr4ptD1jtMZaiPyCZNM="
    },
    "rebound": {
      "version": "0.0.13",
      "resolved": "https://registry.npm.taobao.org/rebound/download/rebound-0.0.13.tgz",
      "integrity": "sha1-SiJSVMr32nVnl7GcWBe/enlB+sE="
    },
    "safer-buffer": {
      "version": "2.1.2",
      "resolved": "http://registry.npm.taobao.org/safer-buffer/download/safer-buffer-2.1.2.tgz",
      "integrity": "sha1-RPoWGwGHuVSd2Eu5GAL5vYOFzWo="
    },
    "setimmediate": {
      "version": "1.0.5",
      "resolved": "http://registry.npm.taobao.org/setimmediate/download/setimmediate-1.0.5.tgz",
      "integrity": "sha1-KQy7Iy4waULX1+qbg3Mqt4VvgoU="
    },
    "teaset": {
      "version": "0.7.0",
      "resolved": "https://registry.npm.taobao.org/teaset/download/teaset-0.7.0.tgz",
      "integrity": "sha1-qG2PQg6vUcIRAH1tJs+hrU4OLEY=",
      "requires": {
        "prop-types": "15.7.2",
        "react-native-deprecated-custom-components": "github:rilyu/react-native-custom-components#27074674fdfd223c4d350fc9ba4bec0ed724767e"
      },
      "dependencies": {
        "prop-types": {
          "version": "15.7.2",
          "resolved": "http://registry.npm.taobao.org/prop-types/download/prop-types-15.7.2.tgz",
          "integrity": "sha1-UsQedbjIfnK52TYOAga5ncv/psU=",
          "requires": {
            "loose-envify": "1.4.0",
            "object-assign": "4.1.1",
            "react-is": "16.9.0"
          }
        }
      }
    },
    "ua-parser-js": {
      "version": "0.7.20",
      "resolved": "https://registry.npm.taobao.org/ua-parser-js/download/ua-parser-js-0.7.20.tgz",
      "integrity": "sha1-dScXi4L2pioPJD0flP0w4+PCEJg="
    },
    "whatwg-fetch": {
      "version": "3.0.0",
      "resolved": "http://registry.npm.taobao.org/whatwg-fetch/download/whatwg-fetch-3.0.0.tgz",
      "integrity": "sha1-/IBORYzEYACbGiuWa8iBfSV4rvs="
    }
  }
}
